
Microsoft Visual Studio Solution File, Format Version 12.00
# Visual Studio Version 16
VisualStudioVersion = 16.0.29009.5
MinimumVisualStudioVersion = 10.0.40219.1
Project("{FAE04EC0-301F-11D3-BF4B-00C04F79EFBC}") = "Assignment2", "Assignment2.csproj", "{499FB294-4ECC-40F0-9431-48E3A37E42CA}"
EndProject
Global
	GlobalSection(SolutionConfigurationPlatforms) = preSolution
		Debug|Any CPU = Debug|Any CPU
		Release|Any CPU = Release|Any CPU
	EndGlobalSection
	GlobalSection(ProjectConfigurationPlatforms) = postSolution
		{499FB294-4ECC-40F0-9431-48E3A37E42CA}.Debug|Any CPU.ActiveCfg = Debug|Any CPU
		{499FB294-4ECC-40F0-9431-48E3A37E42CA}.Debug|Any CPU.Build.0 = Debug|Any CPU
		{499FB294-4ECC-40F0-9431-48E3A37E42CA}.Release|Any CPU.ActiveCfg = Release|Any CPU
		{499FB294-4ECC-40F0-9431-48E3A37E42CA}.Release|Any CPU.Build.0 = Release|Any CPU
	EndGlobalSection
	GlobalSection(SolutionProperties) = preSolution
		HideSolutionNode = FALSE
	EndGlobalSection
	GlobalSection(ExtensibilityGlobals) = postSolution
		SolutionGuid = {274F3E19-F354-46EB-8353-84C5344DCA35}
	EndGlobalSection
EndGlobal
