
Microsoft Visual Studio Solution File, Format Version 12.00
# Visual Studio Version 16
VisualStudioVersion = 16.0.29009.5
MinimumVisualStudioVersion = 10.0.40219.1
Project("{FAE04EC0-301F-11D3-BF4B-00C04F79EFBC}") = "Assignment1", "Assignment1.csproj", "{49C88AD7-8FF4-48F2-A184-8707919C5347}"
EndProject
Global
	GlobalSection(SolutionConfigurationPlatforms) = preSolution
		Debug|Any CPU = Debug|Any CPU
		Release|Any CPU = Release|Any CPU
	EndGlobalSection
	GlobalSection(ProjectConfigurationPlatforms) = postSolution
		{49C88AD7-8FF4-48F2-A184-8707919C5347}.Debug|Any CPU.ActiveCfg = Debug|Any CPU
		{49C88AD7-8FF4-48F2-A184-8707919C5347}.Debug|Any CPU.Build.0 = Debug|Any CPU
		{49C88AD7-8FF4-48F2-A184-8707919C5347}.Release|Any CPU.ActiveCfg = Release|Any CPU
		{49C88AD7-8FF4-48F2-A184-8707919C5347}.Release|Any CPU.Build.0 = Release|Any CPU
	EndGlobalSection
	GlobalSection(SolutionProperties) = preSolution
		HideSolutionNode = FALSE
	EndGlobalSection
	GlobalSection(ExtensibilityGlobals) = postSolution
		SolutionGuid = {930B3B35-88FD-4FDF-9D86-55E10549B60F}
	EndGlobalSection
EndGlobal
